
Microsoft Visual Studio Solution File, Format Version 12.00
# Visual Studio Version 17
VisualStudioVersion = 17.0.31903.59
MinimumVisualStudioVersion = 10.0.40219.1
Project("{2150E333-8FDC-42A3-9474-1A3956D46DE8}") = "src", "src", "{4C2EFA7D-EC3E-4D68-8DC6-EC1418D2A36F}"
EndProject
Project("{FAE04EC0-301F-11D3-BF4B-00C04F79EFBC}") = "UnMango.Tdl.Broker", "src\Broker\UnMango.Tdl.Broker.csproj", "{08902DF7-376C-4CC7-92AA-E5E8AE26975F}"
EndProject
Project("{FAE04EC0-301F-11D3-BF4B-00C04F79EFBC}") = "UnMango.Tdl.Broker.Tests", "src\Broker.Tests\UnMango.Tdl.Broker.Tests.csproj", "{C857D199-195E-428D-B43C-547812AB6C72}"
EndProject
Global
	GlobalSection(SolutionConfigurationPlatforms) = preSolution
		Debug|Any CPU = Debug|Any CPU
		Release|Any CPU = Release|Any CPU
	EndGlobalSection
	GlobalSection(SolutionProperties) = preSolution
		HideSolutionNode = FALSE
	EndGlobalSection
	GlobalSection(ProjectConfigurationPlatforms) = postSolution
		{08902DF7-376C-4CC7-92AA-E5E8AE26975F}.Debug|Any CPU.ActiveCfg = Debug|Any CPU
		{08902DF7-376C-4CC7-92AA-E5E8AE26975F}.Debug|Any CPU.Build.0 = Debug|Any CPU
		{08902DF7-376C-4CC7-92AA-E5E8AE26975F}.Release|Any CPU.ActiveCfg = Release|Any CPU
		{08902DF7-376C-4CC7-92AA-E5E8AE26975F}.Release|Any CPU.Build.0 = Release|Any CPU
		{C857D199-195E-428D-B43C-547812AB6C72}.Debug|Any CPU.ActiveCfg = Debug|Any CPU
		{C857D199-195E-428D-B43C-547812AB6C72}.Debug|Any CPU.Build.0 = Debug|Any CPU
		{C857D199-195E-428D-B43C-547812AB6C72}.Release|Any CPU.ActiveCfg = Release|Any CPU
		{C857D199-195E-428D-B43C-547812AB6C72}.Release|Any CPU.Build.0 = Release|Any CPU
	EndGlobalSection
	GlobalSection(NestedProjects) = preSolution
		{08902DF7-376C-4CC7-92AA-E5E8AE26975F} = {4C2EFA7D-EC3E-4D68-8DC6-EC1418D2A36F}
		{C857D199-195E-428D-B43C-547812AB6C72} = {4C2EFA7D-EC3E-4D68-8DC6-EC1418D2A36F}
	EndGlobalSection
EndGlobal
