# This file is generated by running "yarn install" inside your project.
# Manual changes might be lost - proceed with caution!

__metadata:
  version: 8
  cacheKey: 10c0

"@bufbuild/protobuf@npm:^1.9.0":
  version: 1.9.0
  resolution: "@bufbuild/protobuf@npm:1.9.0"
  checksum: 10c0/45b0b6789819defcfaf2f7c3a431310f47e246bad23fdb0d184b015c7c1a047d787232cc349d52c204d8757c274b1148e278e01f82288e19f574b0996c5ef0f1
  languageName: node
  linkType: hard

"@connectrpc/connect-node@npm:^1.4.0":
  version: 1.4.0
  resolution: "@connectrpc/connect-node@npm:1.4.0"
  dependencies:
    undici: "npm:^5.28.3"
  peerDependencies:
    "@bufbuild/protobuf": ^1.4.2
    "@connectrpc/connect": 1.4.0
  checksum: 10c0/8699e3cb8d5521c8a10841169a9bf549728de2651fef66b450a0b1a2c59057a0a7abd08fab21ccdfc0e5f45394112ad072db754001741b97ccd4376c10105b24
  languageName: node
  linkType: hard

"@connectrpc/connect@npm:^1.4.0":
  version: 1.4.0
  resolution: "@connectrpc/connect@npm:1.4.0"
  peerDependencies:
    "@bufbuild/protobuf": ^1.4.2
  checksum: 10c0/6006e4aef6908a786ffbda6f7c9c92fe0906e031e891c7ce28de9d1b8e3feb9115d924ec6fc38131a5b9936b537594b0a828711e3e0544f760c78e010eda1ea1
  languageName: node
  linkType: hard

"@fastify/busboy@npm:^2.0.0":
  version: 2.1.1
  resolution: "@fastify/busboy@npm:2.1.1"
  checksum: 10c0/6f8027a8cba7f8f7b736718b013f5a38c0476eea67034c94a0d3c375e2b114366ad4419e6a6fa7ffc2ef9c6d3e0435d76dd584a7a1cbac23962fda7650b579e3
  languageName: node
  linkType: hard

"@types/node@npm:^20.12.7":
  version: 20.12.7
  resolution: "@types/node@npm:20.12.7"
  dependencies:
    undici-types: "npm:~5.26.4"
  checksum: 10c0/dce80d63a3b91892b321af823d624995c61e39c6a223cc0ac481a44d337640cc46931d33efb3beeed75f5c85c3bda1d97cef4c5cd4ec333caf5dee59cff6eca0
  languageName: node
  linkType: hard

"@unmango/2ts@workspace:plugin/des/typescript":
  version: 0.0.0-use.local
  resolution: "@unmango/2ts@workspace:plugin/des/typescript"
  dependencies:
    "@bufbuild/protobuf": "npm:^1.9.0"
    "@connectrpc/connect": "npm:^1.4.0"
    "@connectrpc/connect-node": "npm:^1.4.0"
    "@types/node": "npm:^20.12.7"
    "@unmango/tdl-es": "workspace:^"
    "@unmango/tools": "workspace:^"
    typescript: "npm:5.4.5"
  languageName: unknown
  linkType: soft

"@unmango/tdl-es@workspace:^, @unmango/tdl-es@workspace:gen/es":
  version: 0.0.0-use.local
  resolution: "@unmango/tdl-es@workspace:gen/es"
  dependencies:
    "@connectrpc/connect": "npm:^1.4.0"
  peerDependencies:
    "@bufbuild/protobuf": ^1.4.2
  languageName: unknown
  linkType: soft

"@unmango/tdl-ts@workspace:gen/ts":
  version: 0.0.0-use.local
  resolution: "@unmango/tdl-ts@workspace:gen/ts"
  languageName: unknown
  linkType: soft

"@unmango/tools@workspace:^, @unmango/tools@workspace:tools/node":
  version: 0.0.0-use.local
  resolution: "@unmango/tools@workspace:tools/node"
  dependencies:
    typescript: "npm:5.4.5"
  languageName: unknown
  linkType: soft

"root-workspace-0b6124@workspace:.":
  version: 0.0.0-use.local
  resolution: "root-workspace-0b6124@workspace:."
  languageName: unknown
  linkType: soft

"typescript@npm:5.4.5":
  version: 5.4.5
  resolution: "typescript@npm:5.4.5"
  bin:
    tsc: bin/tsc
    tsserver: bin/tsserver
  checksum: 10c0/2954022ada340fd3d6a9e2b8e534f65d57c92d5f3989a263754a78aba549f7e6529acc1921913560a4b816c46dce7df4a4d29f9f11a3dc0d4213bb76d043251e
  languageName: node
  linkType: hard

"typescript@patch:typescript@npm%3A5.4.5#optional!builtin<compat/typescript>":
  version: 5.4.5
  resolution: "typescript@patch:typescript@npm%3A5.4.5#optional!builtin<compat/typescript>::version=5.4.5&hash=5adc0c"
  bin:
    tsc: bin/tsc
    tsserver: bin/tsserver
  checksum: 10c0/db2ad2a16ca829f50427eeb1da155e7a45e598eec7b086d8b4e8ba44e5a235f758e606d681c66992230d3fc3b8995865e5fd0b22a2c95486d0b3200f83072ec9
  languageName: node
  linkType: hard

"undici-types@npm:~5.26.4":
  version: 5.26.5
  resolution: "undici-types@npm:5.26.5"
  checksum: 10c0/bb673d7876c2d411b6eb6c560e0c571eef4a01c1c19925175d16e3a30c4c428181fb8d7ae802a261f283e4166a0ac435e2f505743aa9e45d893f9a3df017b501
  languageName: node
  linkType: hard

"undici@npm:^5.28.3":
  version: 5.28.4
  resolution: "undici@npm:5.28.4"
  dependencies:
    "@fastify/busboy": "npm:^2.0.0"
  checksum: 10c0/08d0f2596553aa0a54ca6e8e9c7f45aef7d042c60918564e3a142d449eda165a80196f6ef19ea2ef2e6446959e293095d8e40af1236f0d67223b06afac5ecad7
  languageName: node
  linkType: hard
